<?xml version="1.0" encoding="utf-8"?>
<Project ToolsVersion="4.0" xmlns="http://schemas.microsoft.com/developer/msbuild/2003">
  <ItemGroup>
    <Filter Include="源文件">
      <UniqueIdentifier>{4FC737F1-C7A5-4376-A066-2A32D752A2FF}</UniqueIdentifier>
      <Extensions>cpp;c;cc;cxx;def;odl;idl;hpj;bat;asm;asmx</Extensions>
    </Filter>
    <Filter Include="头文件">
      <UniqueIdentifier>{93995380-89BD-4b04-88EB-625FBE52EBFB}</UniqueIdentifier>
      <Extensions>h;hh;hpp;hxx;hm;inl;inc;xsd</Extensions>
    </Filter>
    <Filter Include="资源文件">
      <UniqueIdentifier>{67DA6AB6-F800-4c08-8B7A-83BB121AAD01}</UniqueIdentifier>
      <Extensions>rc;ico;cur;bmp;dlg;rc2;rct;bin;rgs;gif;jpg;jpeg;jpe;resx;tiff;tif;png;wav;mfcribbon-ms</Extensions>
    </Filter>
    <Filter Include="json">
      <UniqueIdentifier>{8d051732-0ba4-4972-b3ce-ce9efc70c121}</UniqueIdentifier>
    </Filter>
    <Filter Include="database">
      <UniqueIdentifier>{d68edf5d-0c8e-43d6-af0f-f40e0d486d31}</UniqueIdentifier>
    </Filter>
    <Filter Include="database\mysql">
      <UniqueIdentifier>{bdb6766f-ec41-4075-b6fd-69698b3213ad}</UniqueIdentifier>
    </Filter>
    <Filter Include="database\ado">
      <UniqueIdentifier>{33e6f5f1-9983-49eb-a3a4-4e6bb3cbd3a8}</UniqueIdentifier>
    </Filter>
    <Filter Include="database\oracle">
      <UniqueIdentifier>{80bc3ab6-f4a1-4549-84d8-a71efd1ee212}</UniqueIdentifier>
    </Filter>
  </ItemGroup>
  <ItemGroup>
    <Text Include="ReadMe.txt" />
  </ItemGroup>
  <ItemGroup>
    <ClInclude Include="targetver.h">
      <Filter>头文件</Filter>
    </ClInclude>
    <ClInclude Include="assertions.h">
      <Filter>json</Filter>
    </ClInclude>
    <ClInclude Include="autolink.h">
      <Filter>json</Filter>
    </ClInclude>
    <ClInclude Include="config.h">
      <Filter>json</Filter>
    </ClInclude>
    <ClInclude Include="features.h">
      <Filter>json</Filter>
    </ClInclude>
    <ClInclude Include="forwards.h">
      <Filter>json</Filter>
    </ClInclude>
    <ClInclude Include="json.h">
      <Filter>json</Filter>
    </ClInclude>
    <ClInclude Include="json_batchallocator.h">
      <Filter>json</Filter>
    </ClInclude>
    <ClInclude Include="json_tool.h">
      <Filter>json</Filter>
    </ClInclude>
    <ClInclude Include="reader.h">
      <Filter>json</Filter>
    </ClInclude>
    <ClInclude Include="value.h">
      <Filter>json</Filter>
    </ClInclude>
    <ClInclude Include="writer.h">
      <Filter>json</Filter>
    </ClInclude>
    <ClInclude Include="sys_config.h">
      <Filter>头文件</Filter>
    </ClInclude>
    <ClInclude Include="monitor_system.h">
      <Filter>头文件</Filter>
    </ClInclude>
    <ClInclude Include="protocol_manage.h">
      <Filter>头文件</Filter>
    </ClInclude>
    <ClInclude Include="func.h">
      <Filter>头文件</Filter>
    </ClInclude>
    <ClInclude Include="load_config.h">
      <Filter>头文件</Filter>
    </ClInclude>
    <ClInclude Include="link_manager.h">
      <Filter>头文件</Filter>
    </ClInclude>
    <ClInclude Include="port.h">
      <Filter>头文件</Filter>
    </ClInclude>
    <ClInclude Include="mysql_monitor.h">
      <Filter>头文件</Filter>
    </ClInclude>
    <ClInclude Include="Oracle_Monitor.h">
      <Filter>头文件</Filter>
    </ClInclude>
    <ClInclude Include="linux_monitor_system.h">
      <Filter>头文件</Filter>
    </ClInclude>
    <ClInclude Include="web_monitor.h">
      <Filter>头文件</Filter>
    </ClInclude>
    <ClInclude Include="mssql_monitor.h">
      <Filter>头文件</Filter>
    </ClInclude>
    <ClInclude Include="sys_monitor.h">
      <Filter>头文件</Filter>
    </ClInclude>
    <ClInclude Include="..\database\ado\src\ado2.h">
      <Filter>database\ado</Filter>
    </ClInclude>
    <ClInclude Include="..\database\oracle\src\ocilib.h">
      <Filter>database\oracle</Filter>
    </ClInclude>
    <ClInclude Include="..\database\oracle\src\ocilib.hpp">
      <Filter>database\oracle</Filter>
    </ClInclude>
    <ClInclude Include="..\database\oracle\src\ocilib_core.hpp">
      <Filter>database\oracle</Filter>
    </ClInclude>
    <ClInclude Include="..\database\oracle\src\ocilib_impl.hpp">
      <Filter>database\oracle</Filter>
    </ClInclude>
    <ClInclude Include="db_utility.h">
      <Filter>database\mysql</Filter>
    </ClInclude>
    <ClInclude Include="error.h">
      <Filter>database\mysql</Filter>
    </ClInclude>
    <ClInclude Include="simple_mysql.h">
      <Filter>database\mysql</Filter>
    </ClInclude>
  </ItemGroup>
  <ItemGroup>
    <ClCompile Include="json_reader.cpp">
      <Filter>json</Filter>
    </ClCompile>
    <ClCompile Include="json_value.cpp">
      <Filter>json</Filter>
    </ClCompile>
    <ClCompile Include="json_writer.cpp">
      <Filter>json</Filter>
    </ClCompile>
    <ClCompile Include="monitor_system.cpp">
      <Filter>源文件</Filter>
    </ClCompile>
    <ClCompile Include="protocol_manage.cpp">
      <Filter>源文件</Filter>
    </ClCompile>
    <ClCompile Include="sys_monitor.cpp">
      <Filter>源文件</Filter>
    </ClCompile>
    <ClCompile Include="linux_monitor_system.cpp">
      <Filter>源文件</Filter>
    </ClCompile>
    <ClCompile Include="func.cpp">
      <Filter>源文件</Filter>
    </ClCompile>
    <ClCompile Include="load_config.cpp">
      <Filter>源文件</Filter>
    </ClCompile>
    <ClCompile Include="link_manager.cpp">
      <Filter>源文件</Filter>
    </ClCompile>
    <ClCompile Include="port.cpp">
      <Filter>源文件</Filter>
    </ClCompile>
    <ClCompile Include="mysql_monitor.cpp">
      <Filter>源文件</Filter>
    </ClCompile>
    <ClCompile Include="Oracle_Monitor.cpp">
      <Filter>源文件</Filter>
    </ClCompile>
    <ClCompile Include="web_monitor.cpp">
      <Filter>源文件</Filter>
    </ClCompile>
    <ClCompile Include="mssql_monitor.cpp">
      <Filter>源文件</Filter>
    </ClCompile>
    <ClCompile Include="..\database\ado\src\ado2.cpp">
      <Filter>database\ado</Filter>
    </ClCompile>
    <ClCompile Include="db_utility.cpp">
      <Filter>database\mysql</Filter>
    </ClCompile>
    <ClCompile Include="simple_mysql.cpp">
      <Filter>database\mysql</Filter>
    </ClCompile>
    <ClCompile Include="dllmain.cpp">
      <Filter>源文件</Filter>
    </ClCompile>
  </ItemGroup>
</Project>